
Microsoft Visual Studio Solution File, Format Version 12.00
# Visual Studio Version 16
VisualStudioVersion = 16.0.31005.135
MinimumVisualStudioVersion = 10.0.40219.1
Project("{FAE04EC0-301F-11D3-BF4B-00C04F79EFBC}") = "MiraiAPI", "MiraiAPI\MiraiAPI.csproj", "{97D4933B-5421-40A4-B8D8-743882BD93BC}"
EndProject
Global
	GlobalSection(SolutionConfigurationPlatforms) = preSolution
		Debug|Any CPU = Debug|Any CPU
		Release|Any CPU = Release|Any CPU
	EndGlobalSection
	GlobalSection(ProjectConfigurationPlatforms) = postSolution
		{97D4933B-5421-40A4-B8D8-743882BD93BC}.Debug|Any CPU.ActiveCfg = Debug|Any CPU
		{97D4933B-5421-40A4-B8D8-743882BD93BC}.Debug|Any CPU.Build.0 = Debug|Any CPU
		{97D4933B-5421-40A4-B8D8-743882BD93BC}.Release|Any CPU.ActiveCfg = Release|Any CPU
		{97D4933B-5421-40A4-B8D8-743882BD93BC}.Release|Any CPU.Build.0 = Release|Any CPU
	EndGlobalSection
	GlobalSection(SolutionProperties) = preSolution
		HideSolutionNode = FALSE
	EndGlobalSection
	GlobalSection(ExtensibilityGlobals) = postSolution
		SolutionGuid = {D50118A0-B927-49C0-A81B-D5A741A89FAF}
	EndGlobalSection
EndGlobal
